
Microsoft Visual Studio Solution File, Format Version 12.00
# Visual Studio Version 16
VisualStudioVersion = 16.0.30002.166
MinimumVisualStudioVersion = 10.0.40219.1
Project("{9A19103F-16F7-4668-BE54-9A1E7A4F7556}") = "MongoDBExample", "MongoDBExample\MongoDBExample.csproj", "{6627882F-A96F-415A-B104-B81C445683D2}"
EndProject
Project("{FAE04EC0-301F-11D3-BF4B-00C04F79EFBC}") = "NUnitTestProjectExample", "NUnitTestProjectExample\NUnitTestProjectExample.csproj", "{F306F11E-56C4-4C28-A96F-EAC68FB8890E}"
EndProject
Global
	GlobalSection(SolutionConfigurationPlatforms) = preSolution
		Debug|Any CPU = Debug|Any CPU
		Release|Any CPU = Release|Any CPU
	EndGlobalSection
	GlobalSection(ProjectConfigurationPlatforms) = postSolution
		{6627882F-A96F-415A-B104-B81C445683D2}.Debug|Any CPU.ActiveCfg = Debug|Any CPU
		{6627882F-A96F-415A-B104-B81C445683D2}.Debug|Any CPU.Build.0 = Debug|Any CPU
		{6627882F-A96F-415A-B104-B81C445683D2}.Release|Any CPU.ActiveCfg = Release|Any CPU
		{6627882F-A96F-415A-B104-B81C445683D2}.Release|Any CPU.Build.0 = Release|Any CPU
		{F306F11E-56C4-4C28-A96F-EAC68FB8890E}.Debug|Any CPU.ActiveCfg = Debug|Any CPU
		{F306F11E-56C4-4C28-A96F-EAC68FB8890E}.Debug|Any CPU.Build.0 = Debug|Any CPU
		{F306F11E-56C4-4C28-A96F-EAC68FB8890E}.Release|Any CPU.ActiveCfg = Release|Any CPU
		{F306F11E-56C4-4C28-A96F-EAC68FB8890E}.Release|Any CPU.Build.0 = Release|Any CPU
	EndGlobalSection
	GlobalSection(SolutionProperties) = preSolution
		HideSolutionNode = FALSE
	EndGlobalSection
	GlobalSection(ExtensibilityGlobals) = postSolution
		SolutionGuid = {8C22F4A0-0DCB-4C72-83DC-B643A71235C3}
	EndGlobalSection
EndGlobal
